
Microsoft Visual Studio Solution File, Format Version 12.00
Project("{2150E333-8FDC-42A3-9474-1A3956D46DE8}") = "Bunsen-Burner", "Bunsen-Burner", "{4336288C-1A03-433B-AFA4-949306692519}"
EndProject
Project("{FAE04EC0-301F-11D3-BF4B-00C04F79EFBC}") = "BunsenBurner", "Bunsen-Burner\BunsenBurner\BunsenBurner.csproj", "{D1576585-9507-43D1-A55B-2B91921E523A}"
EndProject
Project("{2150E333-8FDC-42A3-9474-1A3956D46DE8}") = "Shared", "Shared", "{1156770B-CEB8-4222-867E-62F9E8D211B6}"
	ProjectSection(SolutionItems) = preProject
		.globalconfig.shared = .globalconfig.shared
		Common.Release.props = Common.Release.props
		Common.Test.props = Common.Test.props
		Directory.Packages.props = Directory.Packages.props
		Common.Docs.props = Common.Docs.props
	EndProjectSection
EndProject
Project("{2150E333-8FDC-42A3-9474-1A3956D46DE8}") = "scripts", "scripts", "{555B3006-48D5-4AA0-BC32-43E5011A5B26}"
	ProjectSection(SolutionItems) = preProject
		scripts\sync-global-config.ps1 = scripts\sync-global-config.ps1
	EndProjectSection
EndProject
Project("{FAE04EC0-301F-11D3-BF4B-00C04F79EFBC}") = "BunsenBurner.Tests", "Bunsen-Burner\BunsenBurner.Tests\BunsenBurner.Tests.csproj", "{5CE6609E-71D8-46D8-B454-6661E99C2A4E}"
EndProject
Project("{FAE04EC0-301F-11D3-BF4B-00C04F79EFBC}") = "BunsenBurner.Docs", "Bunsen-Burner\BunsenBurner.Docs\BunsenBurner.Docs.csproj", "{5920A849-3A12-437B-8EA9-4867F88CB1F4}"
EndProject
Project("{2150E333-8FDC-42A3-9474-1A3956D46DE8}") = "docfx.result-snippets", "docfx.result-snippets", "{AC3343BD-5EE2-4337-AC8B-B63E9835E040}"
EndProject
Project("{FAE04EC0-301F-11D3-BF4B-00C04F79EFBC}") = "Docfx.ResultSnippets", "docfx.result-snippets\Docfx.ResultSnippets\Docfx.ResultSnippets.csproj", "{7785CA26-4A1D-42CB-ACB1-D8DE50FA9646}"
EndProject
Project("{FAE04EC0-301F-11D3-BF4B-00C04F79EFBC}") = "Docfx.ResultSnippets.Tests", "docfx.result-snippets\Docfx.ResultSnippets.Tests\Docfx.ResultSnippets.Tests.csproj", "{7AF5201D-1E3C-485B-80C5-6E3F13A34334}"
EndProject
Project("{FAE04EC0-301F-11D3-BF4B-00C04F79EFBC}") = "Docfx.ResultSnippets.Docs", "docfx.result-snippets\Docfx.ResultSnippets.Docs\Docfx.ResultSnippets.Docs.csproj", "{2897290F-02D1-4B2C-8C1D-C0DB0CA38879}"
EndProject
Project("{2150E333-8FDC-42A3-9474-1A3956D46DE8}") = "Eon", "Eon", "{3F9445BA-98C5-43BC-BD37-90B1899AE246}"
EndProject
Project("{FAE04EC0-301F-11D3-BF4B-00C04F79EFBC}") = "Eon", "Eon\Eon\Eon.csproj", "{6C1D4FD7-FB66-4192-8C0F-D514FE0D5A20}"
EndProject
Project("{FAE04EC0-301F-11D3-BF4B-00C04F79EFBC}") = "Eon.Tests", "Eon\Eon.Tests\Eon.Tests.csproj", "{5B253374-076E-47B1-BE62-BFD577457433}"
EndProject
Project("{FAE04EC0-301F-11D3-BF4B-00C04F79EFBC}") = "Eon.Docs", "Eon\Eon.Docs\Eon.Docs.csproj", "{657CD246-9014-49A1-B850-88A8C897C76B}"
EndProject
Project("{2150E333-8FDC-42A3-9474-1A3956D46DE8}") = "Http-BuildR", "Http-BuildR", "{2F52BDA6-8CA9-4ECE-862B-0A5CEBC5F07E}"
EndProject
Project("{2150E333-8FDC-42A3-9474-1A3956D46DE8}") = "ActionResult", "ActionResult", "{AA1F9A2F-A774-475B-A0E5-C11F4085BE72}"
EndProject
Project("{FAE04EC0-301F-11D3-BF4B-00C04F79EFBC}") = "HttpBuildR.ActionResult", "Http-BuildR\src\ActionResult\HttpBuildR.ActionResult\HttpBuildR.ActionResult.csproj", "{D4E22A46-F2CD-400E-85BB-F849038BB67B}"
EndProject
Project("{FAE04EC0-301F-11D3-BF4B-00C04F79EFBC}") = "HttpBuildR.ActionResult.Tests", "Http-BuildR\src\ActionResult\HttpBuildR.ActionResult.Tests\HttpBuildR.ActionResult.Tests.csproj", "{5CC14C9A-BB62-453B-8761-C172D002908C}"
EndProject
Project("{2150E333-8FDC-42A3-9474-1A3956D46DE8}") = "Request", "Request", "{0601E8CB-F2B6-4CB7-A297-9451CDAB7A96}"
EndProject
Project("{2150E333-8FDC-42A3-9474-1A3956D46DE8}") = "Response", "Response", "{2F07969D-141C-455F-A89A-70A00B1EE315}"
EndProject
Project("{FAE04EC0-301F-11D3-BF4B-00C04F79EFBC}") = "HttpBuildR.Docs", "Http-BuildR\src\Docs\HttpBuildR.Docs\HttpBuildR.Docs.csproj", "{AB4DDB0C-6610-47FC-9321-96AA0FD0B329}"
EndProject
Project("{FAE04EC0-301F-11D3-BF4B-00C04F79EFBC}") = "HttpBuildR.Request", "Http-BuildR\src\Request\HttpBuildR.Request\HttpBuildR.Request.csproj", "{D4E22A46-F3CD-400E-85BB-F849038BB67B}"
EndProject
Project("{FAE04EC0-301F-11D3-BF4B-00C04F79EFBC}") = "HttpBuildR.Request.Tests", "Http-BuildR\src\Request\HttpBuildR.Request.Tests\HttpBuildR.Request.Tests.csproj", "{7EA4A536-24FA-465F-9C96-85A2C5B2200D}"
EndProject
Project("{FAE04EC0-301F-11D3-BF4B-00C04F79EFBC}") = "HttpBuildR.Response", "Http-BuildR\src\Response\HttpBuildR.Response\HttpBuildR.Response.csproj", "{D4E22A46-F4CD-400E-85BB-F849038BB67B}"
EndProject
Project("{FAE04EC0-301F-11D3-BF4B-00C04F79EFBC}") = "HttpBuildR.Response.Tests", "Http-BuildR\src\Response\HttpBuildR.Response.Tests\HttpBuildR.Response.Tests.csproj", "{18C2CCD7-47C1-4737-A9C9-92E692242D08}"
EndProject
Project("{2150E333-8FDC-42A3-9474-1A3956D46DE8}") = "Icicle", "Icicle", "{74D6DABC-5C5F-449E-AA89-F24CCD6B4C40}"
EndProject
Project("{FAE04EC0-301F-11D3-BF4B-00C04F79EFBC}") = "Icicle", "Icicle\Icicle\Icicle.csproj", "{3CFE84CD-4DF3-4344-932C-6340C73C28ED}"
EndProject
Project("{FAE04EC0-301F-11D3-BF4B-00C04F79EFBC}") = "Icicle.Benchmarks", "Icicle\Icicle.Benchmarks\Icicle.Benchmarks.csproj", "{F8B3398E-BD42-405B-8FC6-86DAE9C23EB4}"
EndProject
Project("{FAE04EC0-301F-11D3-BF4B-00C04F79EFBC}") = "Icicle.Docs", "Icicle\Icicle.Docs\Icicle.Docs.csproj", "{C3CFEC69-993F-475D-A4FF-250282739B03}"
EndProject
Project("{FAE04EC0-301F-11D3-BF4B-00C04F79EFBC}") = "Icicle.Tests", "Icicle\Icicle.Tests\Icicle.Tests.csproj", "{920BDB7E-1257-428E-B1B8-32A8F8D9C4F2}"
EndProject
Project("{2150E333-8FDC-42A3-9474-1A3956D46DE8}") = "Tuxedo", "Tuxedo", "{8F222711-E535-4561-9281-AF9A2EB4164A}"
EndProject
Project("{FAE04EC0-301F-11D3-BF4B-00C04F79EFBC}") = "Tuxedo.SourceGenerator", "Tuxedo\Tuxedo.SourceGenerator\Tuxedo.SourceGenerator.csproj", "{F4CBE16E-9509-4E12-A511-FCC7AAF38756}"
EndProject
Project("{FAE04EC0-301F-11D3-BF4B-00C04F79EFBC}") = "Tuxedo.Docs", "Tuxedo\Tuxedo.Docs\Tuxedo.Docs.csproj", "{D73C74AF-8077-4D43-A816-65E3665AB30A}"
EndProject
Project("{FAE04EC0-301F-11D3-BF4B-00C04F79EFBC}") = "Tuxedo.Examples", "Tuxedo\Tuxedo.Examples\Tuxedo.Examples.csproj", "{5F3ED05A-86AB-470F-AF9E-A9D0C5A8B9EC}"
EndProject
Project("{FAE04EC0-301F-11D3-BF4B-00C04F79EFBC}") = "Tuxedo.Tests", "Tuxedo\Tuxedo.Tests\Tuxedo.Tests.csproj", "{87A3F219-80AE-4323-A849-AB1DCA6234BB}"
EndProject
Project("{2150E333-8FDC-42A3-9474-1A3956D46DE8}") = "Cutout", "Cutout", "{C31F4008-EBF4-4D92-A9EA-BB372AD9F24D}"
EndProject
Project("{FAE04EC0-301F-11D3-BF4B-00C04F79EFBC}") = "Cutout", "Cutout\Cutout\Cutout.csproj", "{079F456C-8046-431F-837C-FCCB8782AC56}"
EndProject
Project("{FAE04EC0-301F-11D3-BF4B-00C04F79EFBC}") = "Cutout.Sample", "Cutout\Cutout.Sample\Cutout.Sample.csproj", "{E21DF8D3-FB2C-4CDB-858E-9805EDD3CE76}"
EndProject
Project("{FAE04EC0-301F-11D3-BF4B-00C04F79EFBC}") = "Cutout.Tests", "Cutout\Cutout.Tests\Cutout.Tests.csproj", "{5C36E769-5EFD-4376-B646-DA1C5347719B}"
EndProject
Project("{FAE04EC0-301F-11D3-BF4B-00C04F79EFBC}") = "Polyglot.Notebook.Docfx.Plugin", "Polyglot.Notebook.Docfx.Plugin\Polyglot.Notebook.Docfx.Plugin\Polyglot.Notebook.Docfx.Plugin.csproj", "{BEFC6D60-3A24-41ED-B2DA-883742F702A5}"
EndProject
Project("{2150E333-8FDC-42A3-9474-1A3956D46DE8}") = "Polyglot.Notebook.Docfx.Plugin", "Polyglot.Notebook.Docfx.Plugin", "{52CE6593-851A-4241-A275-4DEF2356B712}"
EndProject
Project("{FAE04EC0-301F-11D3-BF4B-00C04F79EFBC}") = "Polyglot.Notebook.Docfx.Plugin.Tests", "Polyglot.Notebook.Docfx.Plugin\Polyglot.Notebook.Docfx.Plugin.Tests\Polyglot.Notebook.Docfx.Plugin.Tests.csproj", "{55C1DE7C-3E54-413B-AC9D-29BA039154B6}"
EndProject
Project("{FAE04EC0-301F-11D3-BF4B-00C04F79EFBC}") = "Polyglot.Notebook.Docfx.Plugin.Docs", "Polyglot.Notebook.Docfx.Plugin\Polyglot.Notebook.Docfx.Plugin.Docs\Polyglot.Notebook.Docfx.Plugin.Docs.csproj", "{A4662172-DF20-4DF7-90EA-44C667802FB0}"
EndProject
Project("{FAE04EC0-301F-11D3-BF4B-00C04F79EFBC}") = "Cutout.Docs", "Cutout\Cutout.Docs\Cutout.Docs.csproj", "{C210F033-553E-46F5-9298-150798DB6A05}"
EndProject
Project("{2150E333-8FDC-42A3-9474-1A3956D46DE8}") = "Pasted", "Pasted", "{C9EAAD55-5CF7-4CAA-B22B-95A0673104CB}"
EndProject
Project("{FAE04EC0-301F-11D3-BF4B-00C04F79EFBC}") = "Pasted", "Pasted\Pasted\Pasted.csproj", "{2BF009EE-A810-4471-A7D6-206B96B522D7}"
EndProject
Project("{FAE04EC0-301F-11D3-BF4B-00C04F79EFBC}") = "Pasted.Docs", "Pasted\Pasted.Docs\Pasted.Docs.csproj", "{F621DFA3-82EF-440C-946E-63857313CADA}"
EndProject
Project("{FAE04EC0-301F-11D3-BF4B-00C04F79EFBC}") = "Pasted.Sample", "Pasted\Pasted.Sample\Pasted.Sample.csproj", "{B99983E7-7207-450E-8B2D-417EF2666CF2}"
EndProject
Project("{FAE04EC0-301F-11D3-BF4B-00C04F79EFBC}") = "Pasted.Tests", "Pasted\Pasted.Tests\Pasted.Tests.csproj", "{5A8867B0-EC83-46AF-A737-B02FC0A87CF9}"
EndProject
Global
	GlobalSection(SolutionConfigurationPlatforms) = preSolution
		Debug|Any CPU = Debug|Any CPU
		Release|Any CPU = Release|Any CPU
	EndGlobalSection
	GlobalSection(NestedProjects) = preSolution
		{D1576585-9507-43D1-A55B-2B91921E523A} = {4336288C-1A03-433B-AFA4-949306692519}
		{555B3006-48D5-4AA0-BC32-43E5011A5B26} = {1156770B-CEB8-4222-867E-62F9E8D211B6}
		{5CE6609E-71D8-46D8-B454-6661E99C2A4E} = {4336288C-1A03-433B-AFA4-949306692519}
		{5920A849-3A12-437B-8EA9-4867F88CB1F4} = {4336288C-1A03-433B-AFA4-949306692519}
		{7785CA26-4A1D-42CB-ACB1-D8DE50FA9646} = {AC3343BD-5EE2-4337-AC8B-B63E9835E040}
		{7AF5201D-1E3C-485B-80C5-6E3F13A34334} = {AC3343BD-5EE2-4337-AC8B-B63E9835E040}
		{2897290F-02D1-4B2C-8C1D-C0DB0CA38879} = {AC3343BD-5EE2-4337-AC8B-B63E9835E040}
		{6C1D4FD7-FB66-4192-8C0F-D514FE0D5A20} = {3F9445BA-98C5-43BC-BD37-90B1899AE246}
		{5B253374-076E-47B1-BE62-BFD577457433} = {3F9445BA-98C5-43BC-BD37-90B1899AE246}
		{657CD246-9014-49A1-B850-88A8C897C76B} = {3F9445BA-98C5-43BC-BD37-90B1899AE246}
		{AA1F9A2F-A774-475B-A0E5-C11F4085BE72} = {2F52BDA6-8CA9-4ECE-862B-0A5CEBC5F07E}
		{D4E22A46-F2CD-400E-85BB-F849038BB67B} = {AA1F9A2F-A774-475B-A0E5-C11F4085BE72}
		{5CC14C9A-BB62-453B-8761-C172D002908C} = {AA1F9A2F-A774-475B-A0E5-C11F4085BE72}
		{0601E8CB-F2B6-4CB7-A297-9451CDAB7A96} = {2F52BDA6-8CA9-4ECE-862B-0A5CEBC5F07E}
		{2F07969D-141C-455F-A89A-70A00B1EE315} = {2F52BDA6-8CA9-4ECE-862B-0A5CEBC5F07E}
		{AB4DDB0C-6610-47FC-9321-96AA0FD0B329} = {2F52BDA6-8CA9-4ECE-862B-0A5CEBC5F07E}
		{D4E22A46-F3CD-400E-85BB-F849038BB67B} = {0601E8CB-F2B6-4CB7-A297-9451CDAB7A96}
		{7EA4A536-24FA-465F-9C96-85A2C5B2200D} = {0601E8CB-F2B6-4CB7-A297-9451CDAB7A96}
		{D4E22A46-F4CD-400E-85BB-F849038BB67B} = {2F07969D-141C-455F-A89A-70A00B1EE315}
		{18C2CCD7-47C1-4737-A9C9-92E692242D08} = {2F07969D-141C-455F-A89A-70A00B1EE315}
		{3CFE84CD-4DF3-4344-932C-6340C73C28ED} = {74D6DABC-5C5F-449E-AA89-F24CCD6B4C40}
		{F8B3398E-BD42-405B-8FC6-86DAE9C23EB4} = {74D6DABC-5C5F-449E-AA89-F24CCD6B4C40}
		{C3CFEC69-993F-475D-A4FF-250282739B03} = {74D6DABC-5C5F-449E-AA89-F24CCD6B4C40}
		{920BDB7E-1257-428E-B1B8-32A8F8D9C4F2} = {74D6DABC-5C5F-449E-AA89-F24CCD6B4C40}
		{F4CBE16E-9509-4E12-A511-FCC7AAF38756} = {8F222711-E535-4561-9281-AF9A2EB4164A}
		{D73C74AF-8077-4D43-A816-65E3665AB30A} = {8F222711-E535-4561-9281-AF9A2EB4164A}
		{5F3ED05A-86AB-470F-AF9E-A9D0C5A8B9EC} = {8F222711-E535-4561-9281-AF9A2EB4164A}
		{87A3F219-80AE-4323-A849-AB1DCA6234BB} = {8F222711-E535-4561-9281-AF9A2EB4164A}
		{079F456C-8046-431F-837C-FCCB8782AC56} = {C31F4008-EBF4-4D92-A9EA-BB372AD9F24D}
		{E21DF8D3-FB2C-4CDB-858E-9805EDD3CE76} = {C31F4008-EBF4-4D92-A9EA-BB372AD9F24D}
		{5C36E769-5EFD-4376-B646-DA1C5347719B} = {C31F4008-EBF4-4D92-A9EA-BB372AD9F24D}
		{BEFC6D60-3A24-41ED-B2DA-883742F702A5} = {52CE6593-851A-4241-A275-4DEF2356B712}
		{55C1DE7C-3E54-413B-AC9D-29BA039154B6} = {52CE6593-851A-4241-A275-4DEF2356B712}
		{A4662172-DF20-4DF7-90EA-44C667802FB0} = {52CE6593-851A-4241-A275-4DEF2356B712}
		{C210F033-553E-46F5-9298-150798DB6A05} = {C31F4008-EBF4-4D92-A9EA-BB372AD9F24D}
		{2BF009EE-A810-4471-A7D6-206B96B522D7} = {C9EAAD55-5CF7-4CAA-B22B-95A0673104CB}
		{F621DFA3-82EF-440C-946E-63857313CADA} = {C9EAAD55-5CF7-4CAA-B22B-95A0673104CB}
		{B99983E7-7207-450E-8B2D-417EF2666CF2} = {C9EAAD55-5CF7-4CAA-B22B-95A0673104CB}
		{5A8867B0-EC83-46AF-A737-B02FC0A87CF9} = {C9EAAD55-5CF7-4CAA-B22B-95A0673104CB}
	EndGlobalSection
	GlobalSection(ProjectConfigurationPlatforms) = postSolution
		{D1576585-9507-43D1-A55B-2B91921E523A}.Debug|Any CPU.ActiveCfg = Debug|Any CPU
		{D1576585-9507-43D1-A55B-2B91921E523A}.Debug|Any CPU.Build.0 = Debug|Any CPU
		{D1576585-9507-43D1-A55B-2B91921E523A}.Release|Any CPU.ActiveCfg = Release|Any CPU
		{D1576585-9507-43D1-A55B-2B91921E523A}.Release|Any CPU.Build.0 = Release|Any CPU
		{5CE6609E-71D8-46D8-B454-6661E99C2A4E}.Debug|Any CPU.ActiveCfg = Debug|Any CPU
		{5CE6609E-71D8-46D8-B454-6661E99C2A4E}.Debug|Any CPU.Build.0 = Debug|Any CPU
		{5CE6609E-71D8-46D8-B454-6661E99C2A4E}.Release|Any CPU.ActiveCfg = Release|Any CPU
		{5CE6609E-71D8-46D8-B454-6661E99C2A4E}.Release|Any CPU.Build.0 = Release|Any CPU
		{5920A849-3A12-437B-8EA9-4867F88CB1F4}.Debug|Any CPU.ActiveCfg = Debug|Any CPU
		{5920A849-3A12-437B-8EA9-4867F88CB1F4}.Debug|Any CPU.Build.0 = Debug|Any CPU
		{5920A849-3A12-437B-8EA9-4867F88CB1F4}.Release|Any CPU.ActiveCfg = Release|Any CPU
		{5920A849-3A12-437B-8EA9-4867F88CB1F4}.Release|Any CPU.Build.0 = Release|Any CPU
		{7785CA26-4A1D-42CB-ACB1-D8DE50FA9646}.Debug|Any CPU.ActiveCfg = Debug|Any CPU
		{7785CA26-4A1D-42CB-ACB1-D8DE50FA9646}.Debug|Any CPU.Build.0 = Debug|Any CPU
		{7785CA26-4A1D-42CB-ACB1-D8DE50FA9646}.Release|Any CPU.ActiveCfg = Release|Any CPU
		{7785CA26-4A1D-42CB-ACB1-D8DE50FA9646}.Release|Any CPU.Build.0 = Release|Any CPU
		{7AF5201D-1E3C-485B-80C5-6E3F13A34334}.Debug|Any CPU.ActiveCfg = Debug|Any CPU
		{7AF5201D-1E3C-485B-80C5-6E3F13A34334}.Debug|Any CPU.Build.0 = Debug|Any CPU
		{7AF5201D-1E3C-485B-80C5-6E3F13A34334}.Release|Any CPU.ActiveCfg = Release|Any CPU
		{7AF5201D-1E3C-485B-80C5-6E3F13A34334}.Release|Any CPU.Build.0 = Release|Any CPU
		{2897290F-02D1-4B2C-8C1D-C0DB0CA38879}.Debug|Any CPU.ActiveCfg = Debug|Any CPU
		{2897290F-02D1-4B2C-8C1D-C0DB0CA38879}.Debug|Any CPU.Build.0 = Debug|Any CPU
		{2897290F-02D1-4B2C-8C1D-C0DB0CA38879}.Release|Any CPU.ActiveCfg = Release|Any CPU
		{2897290F-02D1-4B2C-8C1D-C0DB0CA38879}.Release|Any CPU.Build.0 = Release|Any CPU
		{6C1D4FD7-FB66-4192-8C0F-D514FE0D5A20}.Debug|Any CPU.ActiveCfg = Debug|Any CPU
		{6C1D4FD7-FB66-4192-8C0F-D514FE0D5A20}.Debug|Any CPU.Build.0 = Debug|Any CPU
		{6C1D4FD7-FB66-4192-8C0F-D514FE0D5A20}.Release|Any CPU.ActiveCfg = Release|Any CPU
		{6C1D4FD7-FB66-4192-8C0F-D514FE0D5A20}.Release|Any CPU.Build.0 = Release|Any CPU
		{5B253374-076E-47B1-BE62-BFD577457433}.Debug|Any CPU.ActiveCfg = Debug|Any CPU
		{5B253374-076E-47B1-BE62-BFD577457433}.Debug|Any CPU.Build.0 = Debug|Any CPU
		{5B253374-076E-47B1-BE62-BFD577457433}.Release|Any CPU.ActiveCfg = Release|Any CPU
		{5B253374-076E-47B1-BE62-BFD577457433}.Release|Any CPU.Build.0 = Release|Any CPU
		{657CD246-9014-49A1-B850-88A8C897C76B}.Debug|Any CPU.ActiveCfg = Debug|Any CPU
		{657CD246-9014-49A1-B850-88A8C897C76B}.Debug|Any CPU.Build.0 = Debug|Any CPU
		{657CD246-9014-49A1-B850-88A8C897C76B}.Release|Any CPU.ActiveCfg = Release|Any CPU
		{657CD246-9014-49A1-B850-88A8C897C76B}.Release|Any CPU.Build.0 = Release|Any CPU
		{D4E22A46-F2CD-400E-85BB-F849038BB67B}.Debug|Any CPU.ActiveCfg = Debug|Any CPU
		{D4E22A46-F2CD-400E-85BB-F849038BB67B}.Debug|Any CPU.Build.0 = Debug|Any CPU
		{D4E22A46-F2CD-400E-85BB-F849038BB67B}.Release|Any CPU.ActiveCfg = Release|Any CPU
		{D4E22A46-F2CD-400E-85BB-F849038BB67B}.Release|Any CPU.Build.0 = Release|Any CPU
		{5CC14C9A-BB62-453B-8761-C172D002908C}.Debug|Any CPU.ActiveCfg = Debug|Any CPU
		{5CC14C9A-BB62-453B-8761-C172D002908C}.Debug|Any CPU.Build.0 = Debug|Any CPU
		{5CC14C9A-BB62-453B-8761-C172D002908C}.Release|Any CPU.ActiveCfg = Release|Any CPU
		{5CC14C9A-BB62-453B-8761-C172D002908C}.Release|Any CPU.Build.0 = Release|Any CPU
		{AB4DDB0C-6610-47FC-9321-96AA0FD0B329}.Debug|Any CPU.ActiveCfg = Debug|Any CPU
		{AB4DDB0C-6610-47FC-9321-96AA0FD0B329}.Debug|Any CPU.Build.0 = Debug|Any CPU
		{AB4DDB0C-6610-47FC-9321-96AA0FD0B329}.Release|Any CPU.ActiveCfg = Release|Any CPU
		{AB4DDB0C-6610-47FC-9321-96AA0FD0B329}.Release|Any CPU.Build.0 = Release|Any CPU
		{D4E22A46-F3CD-400E-85BB-F849038BB67B}.Debug|Any CPU.ActiveCfg = Debug|Any CPU
		{D4E22A46-F3CD-400E-85BB-F849038BB67B}.Debug|Any CPU.Build.0 = Debug|Any CPU
		{D4E22A46-F3CD-400E-85BB-F849038BB67B}.Release|Any CPU.ActiveCfg = Release|Any CPU
		{D4E22A46-F3CD-400E-85BB-F849038BB67B}.Release|Any CPU.Build.0 = Release|Any CPU
		{7EA4A536-24FA-465F-9C96-85A2C5B2200D}.Debug|Any CPU.ActiveCfg = Debug|Any CPU
		{7EA4A536-24FA-465F-9C96-85A2C5B2200D}.Debug|Any CPU.Build.0 = Debug|Any CPU
		{7EA4A536-24FA-465F-9C96-85A2C5B2200D}.Release|Any CPU.ActiveCfg = Release|Any CPU
		{7EA4A536-24FA-465F-9C96-85A2C5B2200D}.Release|Any CPU.Build.0 = Release|Any CPU
		{D4E22A46-F4CD-400E-85BB-F849038BB67B}.Debug|Any CPU.ActiveCfg = Debug|Any CPU
		{D4E22A46-F4CD-400E-85BB-F849038BB67B}.Debug|Any CPU.Build.0 = Debug|Any CPU
		{D4E22A46-F4CD-400E-85BB-F849038BB67B}.Release|Any CPU.ActiveCfg = Release|Any CPU
		{D4E22A46-F4CD-400E-85BB-F849038BB67B}.Release|Any CPU.Build.0 = Release|Any CPU
		{18C2CCD7-47C1-4737-A9C9-92E692242D08}.Debug|Any CPU.ActiveCfg = Debug|Any CPU
		{18C2CCD7-47C1-4737-A9C9-92E692242D08}.Debug|Any CPU.Build.0 = Debug|Any CPU
		{18C2CCD7-47C1-4737-A9C9-92E692242D08}.Release|Any CPU.ActiveCfg = Release|Any CPU
		{18C2CCD7-47C1-4737-A9C9-92E692242D08}.Release|Any CPU.Build.0 = Release|Any CPU
		{3CFE84CD-4DF3-4344-932C-6340C73C28ED}.Debug|Any CPU.ActiveCfg = Debug|Any CPU
		{3CFE84CD-4DF3-4344-932C-6340C73C28ED}.Debug|Any CPU.Build.0 = Debug|Any CPU
		{3CFE84CD-4DF3-4344-932C-6340C73C28ED}.Release|Any CPU.ActiveCfg = Release|Any CPU
		{3CFE84CD-4DF3-4344-932C-6340C73C28ED}.Release|Any CPU.Build.0 = Release|Any CPU
		{F8B3398E-BD42-405B-8FC6-86DAE9C23EB4}.Debug|Any CPU.ActiveCfg = Debug|Any CPU
		{F8B3398E-BD42-405B-8FC6-86DAE9C23EB4}.Debug|Any CPU.Build.0 = Debug|Any CPU
		{F8B3398E-BD42-405B-8FC6-86DAE9C23EB4}.Release|Any CPU.ActiveCfg = Release|Any CPU
		{F8B3398E-BD42-405B-8FC6-86DAE9C23EB4}.Release|Any CPU.Build.0 = Release|Any CPU
		{C3CFEC69-993F-475D-A4FF-250282739B03}.Debug|Any CPU.ActiveCfg = Debug|Any CPU
		{C3CFEC69-993F-475D-A4FF-250282739B03}.Debug|Any CPU.Build.0 = Debug|Any CPU
		{C3CFEC69-993F-475D-A4FF-250282739B03}.Release|Any CPU.ActiveCfg = Release|Any CPU
		{C3CFEC69-993F-475D-A4FF-250282739B03}.Release|Any CPU.Build.0 = Release|Any CPU
		{920BDB7E-1257-428E-B1B8-32A8F8D9C4F2}.Debug|Any CPU.ActiveCfg = Debug|Any CPU
		{920BDB7E-1257-428E-B1B8-32A8F8D9C4F2}.Debug|Any CPU.Build.0 = Debug|Any CPU
		{920BDB7E-1257-428E-B1B8-32A8F8D9C4F2}.Release|Any CPU.ActiveCfg = Release|Any CPU
		{920BDB7E-1257-428E-B1B8-32A8F8D9C4F2}.Release|Any CPU.Build.0 = Release|Any CPU
		{F4CBE16E-9509-4E12-A511-FCC7AAF38756}.Debug|Any CPU.ActiveCfg = Debug|Any CPU
		{F4CBE16E-9509-4E12-A511-FCC7AAF38756}.Debug|Any CPU.Build.0 = Debug|Any CPU
		{F4CBE16E-9509-4E12-A511-FCC7AAF38756}.Release|Any CPU.ActiveCfg = Release|Any CPU
		{F4CBE16E-9509-4E12-A511-FCC7AAF38756}.Release|Any CPU.Build.0 = Release|Any CPU
		{D73C74AF-8077-4D43-A816-65E3665AB30A}.Debug|Any CPU.ActiveCfg = Debug|Any CPU
		{D73C74AF-8077-4D43-A816-65E3665AB30A}.Debug|Any CPU.Build.0 = Debug|Any CPU
		{D73C74AF-8077-4D43-A816-65E3665AB30A}.Release|Any CPU.ActiveCfg = Release|Any CPU
		{D73C74AF-8077-4D43-A816-65E3665AB30A}.Release|Any CPU.Build.0 = Release|Any CPU
		{5F3ED05A-86AB-470F-AF9E-A9D0C5A8B9EC}.Debug|Any CPU.ActiveCfg = Debug|Any CPU
		{5F3ED05A-86AB-470F-AF9E-A9D0C5A8B9EC}.Debug|Any CPU.Build.0 = Debug|Any CPU
		{5F3ED05A-86AB-470F-AF9E-A9D0C5A8B9EC}.Release|Any CPU.ActiveCfg = Release|Any CPU
		{5F3ED05A-86AB-470F-AF9E-A9D0C5A8B9EC}.Release|Any CPU.Build.0 = Release|Any CPU
		{87A3F219-80AE-4323-A849-AB1DCA6234BB}.Debug|Any CPU.ActiveCfg = Debug|Any CPU
		{87A3F219-80AE-4323-A849-AB1DCA6234BB}.Debug|Any CPU.Build.0 = Debug|Any CPU
		{87A3F219-80AE-4323-A849-AB1DCA6234BB}.Release|Any CPU.ActiveCfg = Release|Any CPU
		{87A3F219-80AE-4323-A849-AB1DCA6234BB}.Release|Any CPU.Build.0 = Release|Any CPU
		{079F456C-8046-431F-837C-FCCB8782AC56}.Debug|Any CPU.ActiveCfg = Debug|Any CPU
		{079F456C-8046-431F-837C-FCCB8782AC56}.Debug|Any CPU.Build.0 = Debug|Any CPU
		{079F456C-8046-431F-837C-FCCB8782AC56}.Release|Any CPU.ActiveCfg = Release|Any CPU
		{079F456C-8046-431F-837C-FCCB8782AC56}.Release|Any CPU.Build.0 = Release|Any CPU
		{E21DF8D3-FB2C-4CDB-858E-9805EDD3CE76}.Debug|Any CPU.ActiveCfg = Debug|Any CPU
		{E21DF8D3-FB2C-4CDB-858E-9805EDD3CE76}.Debug|Any CPU.Build.0 = Debug|Any CPU
		{E21DF8D3-FB2C-4CDB-858E-9805EDD3CE76}.Release|Any CPU.ActiveCfg = Release|Any CPU
		{E21DF8D3-FB2C-4CDB-858E-9805EDD3CE76}.Release|Any CPU.Build.0 = Release|Any CPU
		{5C36E769-5EFD-4376-B646-DA1C5347719B}.Debug|Any CPU.ActiveCfg = Debug|Any CPU
		{5C36E769-5EFD-4376-B646-DA1C5347719B}.Debug|Any CPU.Build.0 = Debug|Any CPU
		{5C36E769-5EFD-4376-B646-DA1C5347719B}.Release|Any CPU.ActiveCfg = Release|Any CPU
		{5C36E769-5EFD-4376-B646-DA1C5347719B}.Release|Any CPU.Build.0 = Release|Any CPU
		{BEFC6D60-3A24-41ED-B2DA-883742F702A5}.Debug|Any CPU.ActiveCfg = Debug|Any CPU
		{BEFC6D60-3A24-41ED-B2DA-883742F702A5}.Debug|Any CPU.Build.0 = Debug|Any CPU
		{BEFC6D60-3A24-41ED-B2DA-883742F702A5}.Release|Any CPU.ActiveCfg = Release|Any CPU
		{BEFC6D60-3A24-41ED-B2DA-883742F702A5}.Release|Any CPU.Build.0 = Release|Any CPU
		{55C1DE7C-3E54-413B-AC9D-29BA039154B6}.Debug|Any CPU.ActiveCfg = Debug|Any CPU
		{55C1DE7C-3E54-413B-AC9D-29BA039154B6}.Debug|Any CPU.Build.0 = Debug|Any CPU
		{55C1DE7C-3E54-413B-AC9D-29BA039154B6}.Release|Any CPU.ActiveCfg = Release|Any CPU
		{55C1DE7C-3E54-413B-AC9D-29BA039154B6}.Release|Any CPU.Build.0 = Release|Any CPU
		{A4662172-DF20-4DF7-90EA-44C667802FB0}.Debug|Any CPU.ActiveCfg = Debug|Any CPU
		{A4662172-DF20-4DF7-90EA-44C667802FB0}.Debug|Any CPU.Build.0 = Debug|Any CPU
		{A4662172-DF20-4DF7-90EA-44C667802FB0}.Release|Any CPU.ActiveCfg = Release|Any CPU
		{A4662172-DF20-4DF7-90EA-44C667802FB0}.Release|Any CPU.Build.0 = Release|Any CPU
		{C210F033-553E-46F5-9298-150798DB6A05}.Debug|Any CPU.ActiveCfg = Debug|Any CPU
		{C210F033-553E-46F5-9298-150798DB6A05}.Debug|Any CPU.Build.0 = Debug|Any CPU
		{C210F033-553E-46F5-9298-150798DB6A05}.Release|Any CPU.ActiveCfg = Release|Any CPU
		{C210F033-553E-46F5-9298-150798DB6A05}.Release|Any CPU.Build.0 = Release|Any CPU
		{2BF009EE-A810-4471-A7D6-206B96B522D7}.Debug|Any CPU.ActiveCfg = Debug|Any CPU
		{2BF009EE-A810-4471-A7D6-206B96B522D7}.Debug|Any CPU.Build.0 = Debug|Any CPU
		{2BF009EE-A810-4471-A7D6-206B96B522D7}.Release|Any CPU.ActiveCfg = Release|Any CPU
		{2BF009EE-A810-4471-A7D6-206B96B522D7}.Release|Any CPU.Build.0 = Release|Any CPU
		{F621DFA3-82EF-440C-946E-63857313CADA}.Debug|Any CPU.ActiveCfg = Debug|Any CPU
		{F621DFA3-82EF-440C-946E-63857313CADA}.Debug|Any CPU.Build.0 = Debug|Any CPU
		{F621DFA3-82EF-440C-946E-63857313CADA}.Release|Any CPU.ActiveCfg = Release|Any CPU
		{F621DFA3-82EF-440C-946E-63857313CADA}.Release|Any CPU.Build.0 = Release|Any CPU
		{B99983E7-7207-450E-8B2D-417EF2666CF2}.Debug|Any CPU.ActiveCfg = Debug|Any CPU
		{B99983E7-7207-450E-8B2D-417EF2666CF2}.Debug|Any CPU.Build.0 = Debug|Any CPU
		{B99983E7-7207-450E-8B2D-417EF2666CF2}.Release|Any CPU.ActiveCfg = Release|Any CPU
		{B99983E7-7207-450E-8B2D-417EF2666CF2}.Release|Any CPU.Build.0 = Release|Any CPU
		{5A8867B0-EC83-46AF-A737-B02FC0A87CF9}.Debug|Any CPU.ActiveCfg = Debug|Any CPU
		{5A8867B0-EC83-46AF-A737-B02FC0A87CF9}.Debug|Any CPU.Build.0 = Debug|Any CPU
		{5A8867B0-EC83-46AF-A737-B02FC0A87CF9}.Release|Any CPU.ActiveCfg = Release|Any CPU
		{5A8867B0-EC83-46AF-A737-B02FC0A87CF9}.Release|Any CPU.Build.0 = Release|Any CPU
	EndGlobalSection
EndGlobal
